
Microsoft Visual Studio Solution File, Format Version 12.00
# Visual Studio Version 17
VisualStudioVersion = 17.8.34309.116
MinimumVisualStudioVersion = 10.0.40219.1
Project("{FAE04EC0-301F-11D3-BF4B-00C04F79EFBC}") = "PasswordValidator", "PasswordValidator\PasswordValidator.csproj", "{341ED609-F461-48C1-874E-0C7792612BED}"
EndProject
Project("{FAE04EC0-301F-11D3-BF4B-00C04F79EFBC}") = "PasswordValidator.Tests", "PasswordValidator.Tests\PasswordValidator.Tests.csproj", "{05EE82DD-6948-42CB-A6B8-22FFF88B3C25}"
EndProject
Global
	GlobalSection(SolutionConfigurationPlatforms) = preSolution
		Debug|Any CPU = Debug|Any CPU
		Release|Any CPU = Release|Any CPU
	EndGlobalSection
	GlobalSection(ProjectConfigurationPlatforms) = postSolution
		{341ED609-F461-48C1-874E-0C7792612BED}.Debug|Any CPU.ActiveCfg = Debug|Any CPU
		{341ED609-F461-48C1-874E-0C7792612BED}.Debug|Any CPU.Build.0 = Debug|Any CPU
		{341ED609-F461-48C1-874E-0C7792612BED}.Release|Any CPU.ActiveCfg = Release|Any CPU
		{341ED609-F461-48C1-874E-0C7792612BED}.Release|Any CPU.Build.0 = Release|Any CPU
		{05EE82DD-6948-42CB-A6B8-22FFF88B3C25}.Debug|Any CPU.ActiveCfg = Debug|Any CPU
		{05EE82DD-6948-42CB-A6B8-22FFF88B3C25}.Debug|Any CPU.Build.0 = Debug|Any CPU
		{05EE82DD-6948-42CB-A6B8-22FFF88B3C25}.Release|Any CPU.ActiveCfg = Release|Any CPU
		{05EE82DD-6948-42CB-A6B8-22FFF88B3C25}.Release|Any CPU.Build.0 = Release|Any CPU
	EndGlobalSection
	GlobalSection(SolutionProperties) = preSolution
		HideSolutionNode = FALSE
	EndGlobalSection
	GlobalSection(ExtensibilityGlobals) = postSolution
		SolutionGuid = {24C15E87-1689-41FF-A7B7-E02BA1EFC5BE}
	EndGlobalSection
EndGlobal
